
Microsoft Visual Studio Solution File, Format Version 12.00
Project("{FAE04EC0-301F-11D3-BF4B-00C04F79EFBC}") = "Application", "Application\Application.csproj", "{B2633083-5860-43E4-AF2D-EF8F0D8EC724}"
EndProject
Project("{FAE04EC0-301F-11D3-BF4B-00C04F79EFBC}") = "Domain", "Domain\Domain.csproj", "{096A9A80-BCCF-4158-9A46-769FECF4BC14}"
EndProject
Project("{FAE04EC0-301F-11D3-BF4B-00C04F79EFBC}") = "Data", "Data\Data.csproj", "{D247FD57-1CBA-45CD-A990-2FACF671A833}"
EndProject
Project("{FAE04EC0-301F-11D3-BF4B-00C04F79EFBC}") = "DependencyInjection", "DependencyInjection\DependencyInjection.csproj", "{567ADEAE-C2CC-49C8-92B3-287AC7B4B99B}"
EndProject
Project("{FAE04EC0-301F-11D3-BF4B-00C04F79EFBC}") = "Api", "Api\Api.csproj", "{559C49A7-B608-4F33-8963-57943B5D3F61}"
EndProject
Project("{FAE04EC0-301F-11D3-BF4B-00C04F79EFBC}") = "Frontend", "Frontend\Frontend.csproj", "{77D4F928-ABB1-4CBD-BF31-68BDF9D67C0B}"
EndProject
Global
	GlobalSection(SolutionConfigurationPlatforms) = preSolution
		Debug|Any CPU = Debug|Any CPU
		Release|Any CPU = Release|Any CPU
	EndGlobalSection
	GlobalSection(ProjectConfigurationPlatforms) = postSolution
		{B2633083-5860-43E4-AF2D-EF8F0D8EC724}.Debug|Any CPU.ActiveCfg = Debug|Any CPU
		{B2633083-5860-43E4-AF2D-EF8F0D8EC724}.Debug|Any CPU.Build.0 = Debug|Any CPU
		{B2633083-5860-43E4-AF2D-EF8F0D8EC724}.Release|Any CPU.ActiveCfg = Release|Any CPU
		{B2633083-5860-43E4-AF2D-EF8F0D8EC724}.Release|Any CPU.Build.0 = Release|Any CPU
		{096A9A80-BCCF-4158-9A46-769FECF4BC14}.Debug|Any CPU.ActiveCfg = Debug|Any CPU
		{096A9A80-BCCF-4158-9A46-769FECF4BC14}.Debug|Any CPU.Build.0 = Debug|Any CPU
		{096A9A80-BCCF-4158-9A46-769FECF4BC14}.Release|Any CPU.ActiveCfg = Release|Any CPU
		{096A9A80-BCCF-4158-9A46-769FECF4BC14}.Release|Any CPU.Build.0 = Release|Any CPU
		{D247FD57-1CBA-45CD-A990-2FACF671A833}.Debug|Any CPU.ActiveCfg = Debug|Any CPU
		{D247FD57-1CBA-45CD-A990-2FACF671A833}.Debug|Any CPU.Build.0 = Debug|Any CPU
		{D247FD57-1CBA-45CD-A990-2FACF671A833}.Release|Any CPU.ActiveCfg = Release|Any CPU
		{D247FD57-1CBA-45CD-A990-2FACF671A833}.Release|Any CPU.Build.0 = Release|Any CPU
		{567ADEAE-C2CC-49C8-92B3-287AC7B4B99B}.Debug|Any CPU.ActiveCfg = Debug|Any CPU
		{567ADEAE-C2CC-49C8-92B3-287AC7B4B99B}.Debug|Any CPU.Build.0 = Debug|Any CPU
		{567ADEAE-C2CC-49C8-92B3-287AC7B4B99B}.Release|Any CPU.ActiveCfg = Release|Any CPU
		{567ADEAE-C2CC-49C8-92B3-287AC7B4B99B}.Release|Any CPU.Build.0 = Release|Any CPU
		{559C49A7-B608-4F33-8963-57943B5D3F61}.Debug|Any CPU.ActiveCfg = Debug|Any CPU
		{559C49A7-B608-4F33-8963-57943B5D3F61}.Debug|Any CPU.Build.0 = Debug|Any CPU
		{559C49A7-B608-4F33-8963-57943B5D3F61}.Release|Any CPU.ActiveCfg = Release|Any CPU
		{559C49A7-B608-4F33-8963-57943B5D3F61}.Release|Any CPU.Build.0 = Release|Any CPU
		{77D4F928-ABB1-4CBD-BF31-68BDF9D67C0B}.Debug|Any CPU.ActiveCfg = Debug|Any CPU
		{77D4F928-ABB1-4CBD-BF31-68BDF9D67C0B}.Debug|Any CPU.Build.0 = Debug|Any CPU
		{77D4F928-ABB1-4CBD-BF31-68BDF9D67C0B}.Release|Any CPU.ActiveCfg = Release|Any CPU
		{77D4F928-ABB1-4CBD-BF31-68BDF9D67C0B}.Release|Any CPU.Build.0 = Release|Any CPU
	EndGlobalSection
EndGlobal
